
Microsoft Visual Studio Solution File, Format Version 12.00
# Visual Studio Version 16
VisualStudioVersion = 16.0.29009.5
MinimumVisualStudioVersion = 10.0.40219.1
Project("{FAE04EC0-301F-11D3-BF4B-00C04F79EFBC}") = "JetbrainsSingleJRE", "JetbrainsSingleJRE\JetbrainsSingleJRE.csproj", "{799AABF7-C9D8-4976-B1EF-166DDB7A9E1E}"
EndProject
Global
	GlobalSection(SolutionConfigurationPlatforms) = preSolution
		Debug|Any CPU = Debug|Any CPU
		Release|Any CPU = Release|Any CPU
	EndGlobalSection
	GlobalSection(ProjectConfigurationPlatforms) = postSolution
		{799AABF7-C9D8-4976-B1EF-166DDB7A9E1E}.Debug|Any CPU.ActiveCfg = Debug|Any CPU
		{799AABF7-C9D8-4976-B1EF-166DDB7A9E1E}.Debug|Any CPU.Build.0 = Debug|Any CPU
		{799AABF7-C9D8-4976-B1EF-166DDB7A9E1E}.Release|Any CPU.ActiveCfg = Release|Any CPU
		{799AABF7-C9D8-4976-B1EF-166DDB7A9E1E}.Release|Any CPU.Build.0 = Release|Any CPU
	EndGlobalSection
	GlobalSection(SolutionProperties) = preSolution
		HideSolutionNode = FALSE
	EndGlobalSection
	GlobalSection(ExtensibilityGlobals) = postSolution
		SolutionGuid = {84CE3B99-2117-43CE-BDBB-ED66B19392BF}
	EndGlobalSection
EndGlobal
